// !$*UTF8*$!
{
	archiveVersion = 1;
	classes = {
	};
	objectVersion = 48;
	objects = {

/* Begin PBXBuildFile section */
		891C32572068600300BA6C44 /* AppDelegate.swift in Sources */ = {isa = PBXBuildFile; fileRef = 891C32562068600300BA6C44 /* AppDelegate.swift */; };
		891C32592068600300BA6C44 /* ViewController.swift in Sources */ = {isa = PBXBuildFile; fileRef = 891C32582068600300BA6C44 /* ViewController.swift */; };
		891C325C2068600300BA6C44 /* Main.storyboard in Resources */ = {isa = PBXBuildFile; fileRef = 891C325A2068600300BA6C44 /* Main.storyboard */; };
		891C325E2068600300BA6C44 /* Assets.xcassets in Resources */ = {isa = PBXBuildFile; fileRef = 891C325D2068600300BA6C44 /* Assets.xcassets */; };
		891C32612068600300BA6C44 /* LaunchScreen.storyboard in Resources */ = {isa = PBXBuildFile; fileRef = 891C325F2068600300BA6C44 /* LaunchScreen.storyboard */; };
		891C32692068618200BA6C44 /* IrisClassifier.mlmodel in Sources */ = {isa = PBXBuildFile; fileRef = 891C32682068618100BA6C44 /* IrisClassifier.mlmodel */; };
/* End PBXBuildFile section */

/* Begin PBXFileReference section */
		891C32532068600300BA6C44 /* Iris-App.app */ = {isa = PBXFileReference; explicitFileType = wrapper.application; includeInIndex = 0; path = "Iris-App.app"; sourceTree = BUILT_PRODUCTS_DIR; };
		891C32562068600300BA6C44 /* AppDelegate.swift */ = {isa = PBXFileReference; lastKnownFileType = sourcecode.swift; path = AppDelegate.swift; sourceTree = "<group>"; };
		891C32582068600300BA6C44 /* ViewController.swift */ = {isa = PBXFileReference; lastKnownFileType = sourcecode.swift; path = ViewController.swift; sourceTree = "<group>"; };
		891C325B2068600300BA6C44 /* Base */ = {isa = PBXFileReference; lastKnownFileType = file.storyboard; name = Base; path = Base.lproj/Main.storyboard; sourceTree = "<group>"; };
		891C325D2068600300BA6C44 /* Assets.xcassets */ = {isa = PBXFileReference; lastKnownFileType = folder.assetcatalog; path = Assets.xcassets; sourceTree = "<group>"; };
		891C32602068600300BA6C44 /* Base */ = {isa = PBXFileReference; lastKnownFileType = file.storyboard; name = Base; path = Base.lproj/LaunchScreen.storyboard; sourceTree = "<group>"; };
		891C32622068600300BA6C44 /* Info.plist */ = {isa = PBXFileReference; lastKnownFileType = text.plist.xml; path = Info.plist; sourceTree = "<group>"; };
		891C32682068618100BA6C44 /* IrisClassifier.mlmodel */ = {isa = PBXFileReference; lastKnownFileType = file.mlmodel; path = IrisClassifier.mlmodel; sourceTree = "<group>"; };
/* End PBXFileReference section */

/* Begin PBXFrameworksBuildPhase section */
		891C32502068600300BA6C44 /* Frameworks */ = {
			isa = PBXFrameworksBuildPhase;
			buildActionMask = 2147483647;
			files = (
			);
			runOnlyForDeploymentPostprocessing = 0;
		};
/* End PBXFrameworksBuildPhase section */

/* Begin PBXGroup section */
		891C324A2068600300BA6C44 = {
			isa = PBXGroup;
			children = (
				891C32552068600300BA6C44 /* Iris-App */,
				891C32542068600300BA6C44 /* Products */,
			);
			sourceTree = "<group>";
		};
		891C32542068600300BA6C44 /* Products */ = {
			isa = PBXGroup;
			children = (
				891C32532068600300BA6C44 /* Iris-App.app */,
			);
			name = Products;
			sourceTree = "<group>";
		};
		891C32552068600300BA6C44 /* Iris-App */ = {
			isa = PBXGroup;
			children = (
				891C32682068618100BA6C44 /* IrisClassifier.mlmodel */,
				891C32562068600300BA6C44 /* AppDelegate.swift */,
				891C32582068600300BA6C44 /* ViewController.swift */,
				891C325A2068600300BA6C44 /* Main.storyboard */,
				891C325D2068600300BA6C44 /* Assets.xcassets */,
				891C325F2068600300BA6C44 /* LaunchScreen.storyboard */,
				891C32622068600300BA6C44 /* Info.plist */,
			);
			path = "Iris-App";
			sourceTree = "<group>";
		};
/* End PBXGroup section */

/* Begin PBXNativeTarget section */
		891C32522068600300BA6C44 /* Iris-App */ = {
			isa = PBXNativeTarget;
			buildConfigurationList = 891C32652068600300BA6C44 /* Build configuration list for PBXNativeTarget "Iris-App" */;
			buildPhases = (
				891C324F2068600300BA6C44 /* Sources */,
				891C32502068600300BA6C44 /* Frameworks */,
				891C32512068600300BA6C44 /* Resources */,
			);
			buildRules = (
			);
			dependencies = (
			);
			name = "Iris-App";
			productName = "Iris-App";
			productReference = 891C32532068600300BA6C44 /* Iris-App.app */;
			productType = "com.apple.product-type.application";
		};
/* End PBXNativeTarget section */

/* Begin PBXProject section */
		891C324B2068600300BA6C44 /* Project object */ = {
			isa = PBXProject;
			attributes = {
				LastSwiftUpdateCheck = 0920;
				LastUpgradeCheck = 0920;
				ORGANIZATIONNAME = "Nikhil D'Souza";
				TargetAttributes = {
					891C32522068600300BA6C44 = {
						CreatedOnToolsVersion = 9.2;
						ProvisioningStyle = Automatic;
					};
				};
			};
			buildConfigurationList = 891C324E2068600300BA6C44 /* Build configuration list for PBXProject "Iris-App" */;
			compatibilityVersion = "Xcode 8.0";
			developmentRegion = en;
			hasScannedForEncodings = 0;
			knownRegions = (
				en,
				Base,
			);
			mainGroup = 891C324A2068600300BA6C44;
			productRefGroup = 891C32542068600300BA6C44 /* Products */;
			projectDirPath = "";
			projectRoot = "";
			targets = (
				891C32522068600300BA6C44 /* Iris-App */,
			);
		};
/* End PBXProject section */

/* Begin PBXResourcesBuildPhase section */
		891C32512068600300BA6C44 /* Resources */ = {
			isa = PBXResourcesBuildPhase;
			buildActionMask = 2147483647;
			files = (
				891C32612068600300BA6C44 /* LaunchScreen.storyboard in Resources */,
				891C325E2068600300BA6C44 /* Assets.xcassets in Resources */,
				891C325C2068600300BA6C44 /* Main.storyboard in Resources */,
			);
			runOnlyForDeploymentPostprocessing = 0;
		};
/* End PBXResourcesBuildPhase section */

/* Begin PBXSourcesBuildPhase section */
		891C324F2068600300BA6C44 /* Sources */ = {
			isa = PBXSourcesBuildPhase;
			buildActionMask = 2147483647;
			files = (
				891C32592068600300BA6C44 /* ViewController.swift in Sources */,
				891C32572068600300BA6C44 /* AppDelegate.swift in Sources */,
				891C32692068618200BA6C44 /* IrisClassifier.mlmodel in Sources */,
			);
			runOnlyForDeploymentPostprocessing = 0;
		};
/* End PBXSourcesBuildPhase section */

/* Begin PBXVariantGroup section */
		891C325A2068600300BA6C44 /* Main.storyboard */ = {
			isa = PBXVariantGroup;
			children = (
				891C325B2068600300BA6C44 /* Base */,
			);
			name = Main.storyboard;
			sourceTree = "<group>";
		};
		891C325F2068600300BA6C44 /* LaunchScreen.storyboard */ = {
			isa = PBXVariantGroup;
			children = (
				891C32602068600300BA6C44 /* Base */,
			);
			name = LaunchScreen.storyboard;
			sourceTree = "<group>";
		};
/* End PBXVariantGroup section */

/* Begin XCBuildConfiguration section */
		891C32632068600300BA6C44 /* Debug */ = {
			isa = XCBuildConfiguration;
			buildSettings = {
				ALWAYS_SEARCH_USER_PATHS = NO;
				CLANG_ANALYZER_NONNULL = YES;
				CLANG_ANALYZER_NUMBER_OBJECT_CONVERSION = YES_AGGRESSIVE;
				CLANG_CXX_LANGUAGE_STANDARD = "gnu++14";
				CLANG_CXX_LIBRARY = "libc++";
				CLANG_ENABLE_MODULES = YES;
				CLANG_ENABLE_OBJC_ARC = YES;
				CLANG_WARN_BLOCK_CAPTURE_AUTORELEASING = YES;
				CLANG_WARN_BOOL_CONVERSION = YES;
				CLANG_WARN_COMMA = YES;
				CLANG_WARN_CONSTANT_CONVERSION = YES;
				CLANG_WARN_DIRECT_OBJC_ISA_USAGE = YES_ERROR;
				CLANG_WARN_DOCUMENTATION_COMMENTS = YES;
				CLANG_WARN_EMPTY_BODY = YES;
				CLANG_WARN_ENUM_CONVERSION = YES;
				CLANG_WARN_INFINITE_RECURSION = YES;
				CLANG_WARN_INT_CONVERSION = YES;
				CLANG_WARN_NON_LITERAL_NULL_CONVERSION = YES;
				CLANG_WARN_OBJC_LITERAL_CONVERSION = YES;
				CLANG_WARN_OBJC_ROOT_CLASS = YES_ERROR;
				CLANG_WARN_RANGE_LOOP_ANALYSIS = YES;
				CLANG_WARN_STRICT_PROTOTYPES = YES;
				CLANG_WARN_SUSPICIOUS_MOVE = YES;
				CLANG_WARN_UNGUARDED_AVAILABILITY = YES_AGGRESSIVE;
				CLANG_WARN_UNREACHABLE_CODE = YES;
				CLANG_WARN__DUPLICATE_METHOD_MATCH = YES;
				CODE_SIGN_IDENTITY = "iPhone Developer";
				COPY_PHASE_STRIP = NO;
				DEBUG_INFORMATION_FORMAT = dwarf;
				ENABLE_STRICT_OBJC_MSGSEND = YES;
				ENABLE_TESTABILITY = YES;
				GCC_C_LANGUAGE_STANDARD = gnu11;
				GCC_DYNAMIC_NO_PIC = NO;
				GCC_NO_COMMON_BLOCKS = YES;
				GCC_OPTIMIZATION_LEVEL = 0;
				GCC_PREPROCESSOR_DEFINITIONS = (
					"DEBUG=1",
					"$(inherited)",
				);
				GCC_WARN_64_TO_32_BIT_CONVERSION = YES;
				GCC_WARN_ABOUT_RETURN_TYPE = YES_ERROR;
				GCC_WARN_UNDECLARED_SELECTOR = YES;
				GCC_WARN_UNINITIALIZED_AUTOS = YES_AGGRESSIVE;
				GCC_WARN_UNUSED_FUNCTION = YES;
				GCC_WARN_UNUSED_VARIABLE = YES;
				IPHONEOS_DEPLOYMENT_TARGET = 11.2;
				MTL_ENABLE_DEBUG_INFO = YES;
				ONLY_ACTIVE_ARCH = YES;
				SDKROOT = iphoneos;
				SWIFT_ACTIVE_COMPILATION_CONDITIONS = DEBUG;
				SWIFT_OPTIMIZATION_LEVEL = "-Onone";
			};
			name = Debug;
		};
		891C32642068600300BA6C44 /* Release */ = {
			isa = XCBuildConfiguration;
			buildSettings = {
				ALWAYS_SEARCH_USER_PATHS = NO;
				CLANG_ANALYZER_NONNULL = YES;
				CLANG_ANALYZER_NUMBER_OBJECT_CONVERSION = YES_AGGRESSIVE;
				CLANG_CXX_LANGUAGE_STANDARD = "gnu++14";
				CLANG_CXX_LIBRARY = "libc++";
				CLANG_ENABLE_MODULES = YES;
				CLANG_ENABLE_OBJC_ARC = YES;
				CLANG_WARN_BLOCK_CAPTURE_AUTORELEASING = YES;
				CLANG_WARN_BOOL_CONVERSION = YES;
				CLANG_WARN_COMMA = YES;
				CLANG_WARN_CONSTANT_CONVERSION = YES;
				CLANG_WARN_DIRECT_OBJC_ISA_USAGE = YES_ERROR;
				CLANG_WARN_DOCUMENTATION_COMMENTS = YES;
				CLANG_WARN_EMPTY_BODY = YES;
				CLANG_WARN_ENUM_CONVERSION = YES;
				CLANG_WARN_INFINITE_RECURSION = YES;
				CLANG_WARN_INT_CONVERSION = YES;
				CLANG_WARN_NON_LITERAL_NULL_CONVERSION = YES;
				CLANG_WARN_OBJC_LITERAL_CONVERSION = YES;
				CLANG_WARN_OBJC_ROOT_CLASS = YES_ERROR;
				CLANG_WARN_RANGE_LOOP_ANALYSIS = YES;
				CLANG_WARN_STRICT_PROTOTYPES = YES;
				CLANG_WARN_SUSPICIOUS_MOVE = YES;
				CLANG_WARN_UNGUARDED_AVAILABILITY = YES_AGGRESSIVE;
				CLANG_WARN_UNREACHABLE_CODE = YES;
				CLANG_WARN__DUPLICATE_METHOD_MATCH = YES;
				CODE_SIGN_IDENTITY = "iPhone Developer";
				COPY_PHASE_STRIP = NO;
				DEBUG_INFORMATION_FORMAT = "dwarf-with-dsym";
				ENABLE_NS_ASSERTIONS = NO;
				ENABLE_STRICT_OBJC_MSGSEND = YES;
				GCC_C_LANGUAGE_STANDARD = gnu11;
				GCC_NO_COMMON_BLOCKS = YES;
				GCC_WARN_64_TO_32_BIT_CONVERSION = YES;
				GCC_WARN_ABOUT_RETURN_TYPE = YES_ERROR;
				GCC_WARN_UNDECLARED_SELECTOR = YES;
				GCC_WARN_UNINITIALIZED_AUTOS = YES_AGGRESSIVE;
				GCC_WARN_UNUSED_FUNCTION = YES;
				GCC_WARN_UNUSED_VARIABLE = YES;
				IPHONEOS_DEPLOYMENT_TARGET = 11.2;
				MTL_ENABLE_DEBUG_INFO = NO;
				SDKROOT = iphoneos;
				SWIFT_OPTIMIZATION_LEVEL = "-Owholemodule";
				VALIDATE_PRODUCT = YES;
			};
			name = Release;
		};
		891C32662068600300BA6C44 /* Debug */ = {
			isa = XCBuildConfiguration;
			buildSettings = {
				ASSETCATALOG_COMPILER_APPICON_NAME = AppIcon;
				CODE_SIGN_STYLE = Automatic;
				DEVELOPMENT_TEAM = 32FG3U99MG;
				INFOPLIST_FILE = "Iris-App/Info.plist";
				LD_RUNPATH_SEARCH_PATHS = "$(inherited) @executable_path/Frameworks";
				PRODUCT_BUNDLE_IDENTIFIER = "nikhil.Iris-App";
				PRODUCT_NAME = "$(TARGET_NAME)";
				SWIFT_VERSION = 4.0;
				TARGETED_DEVICE_FAMILY = "1,2";
			};
			name = Debug;
		};
		891C32672068600300BA6C44 /* Release */ = {
			isa = XCBuildConfiguration;
			buildSettings = {
				ASSETCATALOG_COMPILER_APPICON_NAME = AppIcon;
				CODE_SIGN_STYLE = Automatic;
				DEVELOPMENT_TEAM = 32FG3U99MG;
				INFOPLIST_FILE = "Iris-App/Info.plist";
				LD_RUNPATH_SEARCH_PATHS = "$(inherited) @executable_path/Frameworks";
				PRODUCT_BUNDLE_IDENTIFIER = "nikhil.Iris-App";
				PRODUCT_NAME = "$(TARGET_NAME)";
				SWIFT_VERSION = 4.0;
				TARGETED_DEVICE_FAMILY = "1,2";
			};
			name = Release;
		};
/* End XCBuildConfiguration section */

/* Begin XCConfigurationList section */
		891C324E2068600300BA6C44 /* Build configuration list for PBXProject "Iris-App" */ = {
			isa = XCConfigurationList;
			buildConfigurations = (
				891C32632068600300BA6C44 /* Debug */,
				891C32642068600300BA6C44 /* Release */,
			);
			defaultConfigurationIsVisible = 0;
			defaultConfigurationName = Release;
		};
		891C32652068600300BA6C44 /* Build configuration list for PBXNativeTarget "Iris-App" */ = {
			isa = XCConfigurationList;
			buildConfigurations = (
				891C32662068600300BA6C44 /* Debug */,
				891C32672068600300BA6C44 /* Release */,
			);
			defaultConfigurationIsVisible = 0;
			defaultConfigurationName = Release;
		};
/* End XCConfigurationList section */
	};
	rootObject = 891C324B2068600300BA6C44 /* Project object */;
}
